// !$*UTF8*$!
{
	archiveVersion = 1;
	classes = {
	};
	objectVersion = 51;
	objects = {

/* Begin PBXBuildFile section */
		503BA0F22478FBA100BDD380 /* ITunesSearchService.m in Sources */ = {isa = PBXBuildFile; fileRef = 503BA0F12478FBA100BDD380 /* ITunesSearchService.m */; };
		503BA0FB247920ED00BDD380 /* iTunesApp.m in Sources */ = {isa = PBXBuildFile; fileRef = 503BA0F9247920ED00BDD380 /* iTunesApp.m */; };
		503BA10224795C9700BDD380 /* ImageDownloader.m in Sources */ = {isa = PBXBuildFile; fileRef = 503BA10124795C9700BDD380 /* ImageDownloader.m */; };
		503BA105247A546800BDD380 /* AppDetailController.m in Sources */ = {isa = PBXBuildFile; fileRef = 503BA104247A546800BDD380 /* AppDetailController.m */; };
		50BD3E082477E73F000251EA /* AppDelegate.m in Sources */ = {isa = PBXBuildFile; fileRef = 50BD3E072477E73F000251EA /* AppDelegate.m */; };
		50BD3E0B2477E73F000251EA /* SceneDelegate.m in Sources */ = {isa = PBXBuildFile; fileRef = 50BD3E0A2477E73F000251EA /* SceneDelegate.m */; };
		50BD3E0E2477E73F000251EA /* SearchViewController.m in Sources */ = {isa = PBXBuildFile; fileRef = 50BD3E0D2477E73F000251EA /* SearchViewController.m */; };
		50BD3E132477E740000251EA /* Assets.xcassets in Resources */ = {isa = PBXBuildFile; fileRef = 50BD3E122477E740000251EA /* Assets.xcassets */; };
		50BD3E162477E740000251EA /* LaunchScreen.storyboard in Resources */ = {isa = PBXBuildFile; fileRef = 50BD3E142477E740000251EA /* LaunchScreen.storyboard */; };
		50BD3E192477E740000251EA /* main.m in Sources */ = {isa = PBXBuildFile; fileRef = 50BD3E182477E740000251EA /* main.m */; };
		50BD3E212477EA66000251EA /* AppStartManager.m in Sources */ = {isa = PBXBuildFile; fileRef = 50BD3E202477EA66000251EA /* AppStartManager.m */; };
		50BD3E242477F41B000251EA /* SearchView.m in Sources */ = {isa = PBXBuildFile; fileRef = 50BD3E232477F41B000251EA /* SearchView.m */; };
		50CE5D7D247A8785004DE8AB /* AppCell.m in Sources */ = {isa = PBXBuildFile; fileRef = 50CE5D7C247A8785004DE8AB /* AppCell.m */; };
		50CE5D80247BB2F0004DE8AB /* SearchTableViewController.m in Sources */ = {isa = PBXBuildFile; fileRef = 50CE5D7F247BB2F0004DE8AB /* SearchTableViewController.m */; };
		50DC98D5247FDF8600F4D62D /* AppDetailHeaderView.m in Sources */ = {isa = PBXBuildFile; fileRef = 50DC98D4247FDF8600F4D62D /* AppDetailHeaderView.m */; };
		50DC98D8247FDFB000F4D62D /* AppDetailHeaderController.m in Sources */ = {isa = PBXBuildFile; fileRef = 50DC98D7247FDFB000F4D62D /* AppDetailHeaderController.m */; };
		CDAD3514471DDFC206E2AFBE /* Pods_iTunes_Search.framework in Frameworks */ = {isa = PBXBuildFile; fileRef = 27FEF72BD5312E15A8A6D441 /* Pods_iTunes_Search.framework */; };
/* End PBXBuildFile section */

/* Begin PBXFileReference section */
		0D7DCD6CC43FA719573B108D /* Pods-iTunes Search.debug.xcconfig */ = {isa = PBXFileReference; includeInIndex = 1; lastKnownFileType = text.xcconfig; name = "Pods-iTunes Search.debug.xcconfig"; path = "Target Support Files/Pods-iTunes Search/Pods-iTunes Search.debug.xcconfig"; sourceTree = "<group>"; };
		27FEF72BD5312E15A8A6D441 /* Pods_iTunes_Search.framework */ = {isa = PBXFileReference; explicitFileType = wrapper.framework; includeInIndex = 0; path = Pods_iTunes_Search.framework; sourceTree = BUILT_PRODUCTS_DIR; };
		503BA0F02478FBA100BDD380 /* ITunesSearchService.h */ = {isa = PBXFileReference; lastKnownFileType = sourcecode.c.h; path = ITunesSearchService.h; sourceTree = "<group>"; };
		503BA0F12478FBA100BDD380 /* ITunesSearchService.m */ = {isa = PBXFileReference; lastKnownFileType = sourcecode.c.objc; path = ITunesSearchService.m; sourceTree = "<group>"; };
		503BA0F9247920ED00BDD380 /* iTunesApp.m */ = {isa = PBXFileReference; fileEncoding = 4; lastKnownFileType = sourcecode.c.objc; path = iTunesApp.m; sourceTree = "<group>"; };
		503BA0FA247920ED00BDD380 /* ITunesApp.h */ = {isa = PBXFileReference; fileEncoding = 4; lastKnownFileType = sourcecode.c.h; path = ITunesApp.h; sourceTree = "<group>"; };
		503BA10024795C9700BDD380 /* ImageDownloader.h */ = {isa = PBXFileReference; lastKnownFileType = sourcecode.c.h; path = ImageDownloader.h; sourceTree = "<group>"; };
		503BA10124795C9700BDD380 /* ImageDownloader.m */ = {isa = PBXFileReference; lastKnownFileType = sourcecode.c.objc; path = ImageDownloader.m; sourceTree = "<group>"; };
		503BA103247A546800BDD380 /* AppDetailController.h */ = {isa = PBXFileReference; lastKnownFileType = sourcecode.c.h; path = AppDetailController.h; sourceTree = "<group>"; };
		503BA104247A546800BDD380 /* AppDetailController.m */ = {isa = PBXFileReference; lastKnownFileType = sourcecode.c.objc; path = AppDetailController.m; sourceTree = "<group>"; };
		50BD3E032477E73F000251EA /* iTunes Search.app */ = {isa = PBXFileReference; explicitFileType = wrapper.application; includeInIndex = 0; path = "iTunes Search.app"; sourceTree = BUILT_PRODUCTS_DIR; };
		50BD3E062477E73F000251EA /* AppDelegate.h */ = {isa = PBXFileReference; lastKnownFileType = sourcecode.c.h; path = AppDelegate.h; sourceTree = "<group>"; };
		50BD3E072477E73F000251EA /* AppDelegate.m */ = {isa = PBXFileReference; lastKnownFileType = sourcecode.c.objc; path = AppDelegate.m; sourceTree = "<group>"; };
		50BD3E092477E73F000251EA /* SceneDelegate.h */ = {isa = PBXFileReference; lastKnownFileType = sourcecode.c.h; path = SceneDelegate.h; sourceTree = "<group>"; };
		50BD3E0A2477E73F000251EA /* SceneDelegate.m */ = {isa = PBXFileReference; lastKnownFileType = sourcecode.c.objc; path = SceneDelegate.m; sourceTree = "<group>"; };
		50BD3E0C2477E73F000251EA /* SearchViewController.h */ = {isa = PBXFileReference; lastKnownFileType = sourcecode.c.h; path = SearchViewController.h; sourceTree = "<group>"; };
		50BD3E0D2477E73F000251EA /* SearchViewController.m */ = {isa = PBXFileReference; lastKnownFileType = sourcecode.c.objc; path = SearchViewController.m; sourceTree = "<group>"; };
		50BD3E122477E740000251EA /* Assets.xcassets */ = {isa = PBXFileReference; lastKnownFileType = folder.assetcatalog; path = Assets.xcassets; sourceTree = "<group>"; };
		50BD3E152477E740000251EA /* Base */ = {isa = PBXFileReference; lastKnownFileType = file.storyboard; name = Base; path = Base.lproj/LaunchScreen.storyboard; sourceTree = "<group>"; };
		50BD3E172477E740000251EA /* Info.plist */ = {isa = PBXFileReference; lastKnownFileType = text.plist.xml; path = Info.plist; sourceTree = "<group>"; };
		50BD3E182477E740000251EA /* main.m */ = {isa = PBXFileReference; lastKnownFileType = sourcecode.c.objc; path = main.m; sourceTree = "<group>"; };
		50BD3E1F2477EA66000251EA /* AppStartManager.h */ = {isa = PBXFileReference; lastKnownFileType = sourcecode.c.h; path = AppStartManager.h; sourceTree = "<group>"; };
		50BD3E202477EA66000251EA /* AppStartManager.m */ = {isa = PBXFileReference; lastKnownFileType = sourcecode.c.objc; path = AppStartManager.m; sourceTree = "<group>"; };
		50BD3E222477F41B000251EA /* SearchView.h */ = {isa = PBXFileReference; lastKnownFileType = sourcecode.c.h; path = SearchView.h; sourceTree = "<group>"; };
		50BD3E232477F41B000251EA /* SearchView.m */ = {isa = PBXFileReference; lastKnownFileType = sourcecode.c.objc; path = SearchView.m; sourceTree = "<group>"; };
		50CE5D7B247A8785004DE8AB /* AppCell.h */ = {isa = PBXFileReference; lastKnownFileType = sourcecode.c.h; path = AppCell.h; sourceTree = "<group>"; };
		50CE5D7C247A8785004DE8AB /* AppCell.m */ = {isa = PBXFileReference; lastKnownFileType = sourcecode.c.objc; path = AppCell.m; sourceTree = "<group>"; };
		50CE5D7E247BB2F0004DE8AB /* SearchTableViewController.h */ = {isa = PBXFileReference; lastKnownFileType = sourcecode.c.h; path = SearchTableViewController.h; sourceTree = "<group>"; };
		50CE5D7F247BB2F0004DE8AB /* SearchTableViewController.m */ = {isa = PBXFileReference; lastKnownFileType = sourcecode.c.objc; path = SearchTableViewController.m; sourceTree = "<group>"; };
		50DC98D3247FDF8600F4D62D /* AppDetailHeaderView.h */ = {isa = PBXFileReference; lastKnownFileType = sourcecode.c.h; path = AppDetailHeaderView.h; sourceTree = "<group>"; };
		50DC98D4247FDF8600F4D62D /* AppDetailHeaderView.m */ = {isa = PBXFileReference; lastKnownFileType = sourcecode.c.objc; path = AppDetailHeaderView.m; sourceTree = "<group>"; };
		50DC98D6247FDFB000F4D62D /* AppDetailHeaderController.h */ = {isa = PBXFileReference; lastKnownFileType = sourcecode.c.h; path = AppDetailHeaderController.h; sourceTree = "<group>"; };
		50DC98D7247FDFB000F4D62D /* AppDetailHeaderController.m */ = {isa = PBXFileReference; lastKnownFileType = sourcecode.c.objc; path = AppDetailHeaderController.m; sourceTree = "<group>"; };
		5C8A324302B7983925632D30 /* Pods-iTunes Search.release.xcconfig */ = {isa = PBXFileReference; includeInIndex = 1; lastKnownFileType = text.xcconfig; name = "Pods-iTunes Search.release.xcconfig"; path = "Target Support Files/Pods-iTunes Search/Pods-iTunes Search.release.xcconfig"; sourceTree = "<group>"; };
/* End PBXFileReference section */

/* Begin PBXFrameworksBuildPhase section */
		50BD3E002477E73F000251EA /* Frameworks */ = {
			isa = PBXFrameworksBuildPhase;
			buildActionMask = 2147483647;
			files = (
				CDAD3514471DDFC206E2AFBE /* Pods_iTunes_Search.framework in Frameworks */,
			);
			runOnlyForDeploymentPostprocessing = 0;
		};
/* End PBXFrameworksBuildPhase section */

/* Begin PBXGroup section */
		2880DEBD1861CCAC12321A95 /* Frameworks */ = {
			isa = PBXGroup;
			children = (
				27FEF72BD5312E15A8A6D441 /* Pods_iTunes_Search.framework */,
			);
			name = Frameworks;
			sourceTree = "<group>";
		};
		503BA0EB2478CEEC00BDD380 /* Services */ = {
			isa = PBXGroup;
			children = (
				50BD3E1F2477EA66000251EA /* AppStartManager.h */,
				50BD3E202477EA66000251EA /* AppStartManager.m */,
				503BA0F02478FBA100BDD380 /* ITunesSearchService.h */,
				503BA0F12478FBA100BDD380 /* ITunesSearchService.m */,
				503BA10024795C9700BDD380 /* ImageDownloader.h */,
				503BA10124795C9700BDD380 /* ImageDownloader.m */,
			);
			path = Services;
			sourceTree = "<group>";
		};
		503BA0EC2478CF0300BDD380 /* Entities */ = {
			isa = PBXGroup;
			children = (
				503BA0FA247920ED00BDD380 /* ITunesApp.h */,
				503BA0F9247920ED00BDD380 /* iTunesApp.m */,
			);
			path = Entities;
			sourceTree = "<group>";
		};
		503BA0FC247958F600BDD380 /* AppDetail */ = {
			isa = PBXGroup;
			children = (
				50DC98D2247FDF4600F4D62D /* Header */,
				503BA103247A546800BDD380 /* AppDetailController.h */,
				503BA104247A546800BDD380 /* AppDetailController.m */,
			);
			path = AppDetail;
			sourceTree = "<group>";
		};
		50BD3DFA2477E73F000251EA = {
			isa = PBXGroup;
			children = (
				50BD3E052477E73F000251EA /* iTunes Search */,
				50BD3E042477E73F000251EA /* Products */,
				A01FE92DEB8007B486B4FA7D /* Pods */,
				2880DEBD1861CCAC12321A95 /* Frameworks */,
			);
			sourceTree = "<group>";
		};
		50BD3E042477E73F000251EA /* Products */ = {
			isa = PBXGroup;
			children = (
				50BD3E032477E73F000251EA /* iTunes Search.app */,
			);
			name = Products;
			sourceTree = "<group>";
		};
		50BD3E052477E73F000251EA /* iTunes Search */ = {
			isa = PBXGroup;
			children = (
				50BD3E292477F4B0000251EA /* Core */,
				50BD3E262477F43D000251EA /* Model */,
				50BD3E252477F42C000251EA /* Flows */,
				50BD3E122477E740000251EA /* Assets.xcassets */,
				50BD3E142477E740000251EA /* LaunchScreen.storyboard */,
				50BD3E182477E740000251EA /* main.m */,
				50BD3E172477E740000251EA /* Info.plist */,
				50BD3E282477F47C000251EA /* SupportingFiles */,
			);
			path = "iTunes Search";
			sourceTree = "<group>";
		};
		50BD3E252477F42C000251EA /* Flows */ = {
			isa = PBXGroup;
			children = (
				50BD3E272477F449000251EA /* Search */,
				503BA0FC247958F600BDD380 /* AppDetail */,
			);
			path = Flows;
			sourceTree = "<group>";
		};
		50BD3E262477F43D000251EA /* Model */ = {
			isa = PBXGroup;
			children = (
				503BA0EB2478CEEC00BDD380 /* Services */,
				503BA0EC2478CF0300BDD380 /* Entities */,
			);
			path = Model;
			sourceTree = "<group>";
		};
		50BD3E272477F449000251EA /* Search */ = {
			isa = PBXGroup;
			children = (
				50BD3E222477F41B000251EA /* SearchView.h */,
				50BD3E232477F41B000251EA /* SearchView.m */,
				50BD3E0C2477E73F000251EA /* SearchViewController.h */,
				50BD3E0D2477E73F000251EA /* SearchViewController.m */,
				50CE5D7E247BB2F0004DE8AB /* SearchTableViewController.h */,
				50CE5D7F247BB2F0004DE8AB /* SearchTableViewController.m */,
				50CE5D7B247A8785004DE8AB /* AppCell.h */,
				50CE5D7C247A8785004DE8AB /* AppCell.m */,
			);
			path = Search;
			sourceTree = "<group>";
		};
		50BD3E282477F47C000251EA /* SupportingFiles */ = {
			isa = PBXGroup;
			children = (
			);
			path = SupportingFiles;
			sourceTree = "<group>";
		};
		50BD3E292477F4B0000251EA /* Core */ = {
			isa = PBXGroup;
			children = (
				50BD3E062477E73F000251EA /* AppDelegate.h */,
				50BD3E072477E73F000251EA /* AppDelegate.m */,
				50BD3E092477E73F000251EA /* SceneDelegate.h */,
				50BD3E0A2477E73F000251EA /* SceneDelegate.m */,
			);
			path = Core;
			sourceTree = "<group>";
		};
		50DC98D2247FDF4600F4D62D /* Header */ = {
			isa = PBXGroup;
			children = (
				50DC98D3247FDF8600F4D62D /* AppDetailHeaderView.h */,
				50DC98D4247FDF8600F4D62D /* AppDetailHeaderView.m */,
				50DC98D6247FDFB000F4D62D /* AppDetailHeaderController.h */,
				50DC98D7247FDFB000F4D62D /* AppDetailHeaderController.m */,
			);
			path = Header;
			sourceTree = "<group>";
		};
		A01FE92DEB8007B486B4FA7D /* Pods */ = {
			isa = PBXGroup;
			children = (
				0D7DCD6CC43FA719573B108D /* Pods-iTunes Search.debug.xcconfig */,
				5C8A324302B7983925632D30 /* Pods-iTunes Search.release.xcconfig */,
			);
			path = Pods;
			sourceTree = "<group>";
		};
/* End PBXGroup section */

/* Begin PBXNativeTarget section */
		50BD3E022477E73F000251EA /* iTunes Search */ = {
			isa = PBXNativeTarget;
			buildConfigurationList = 50BD3E1C2477E740000251EA /* Build configuration list for PBXNativeTarget "iTunes Search" */;
			buildPhases = (
				76EE20E741686DC9628E43D2 /* [CP] Check Pods Manifest.lock */,
				50BD3DFF2477E73F000251EA /* Sources */,
				50BD3E002477E73F000251EA /* Frameworks */,
				50BD3E012477E73F000251EA /* Resources */,
				A98676B7EBC083082D659AE4 /* [CP] Embed Pods Frameworks */,
			);
			buildRules = (
			);
			dependencies = (
			);
			name = "iTunes Search";
			productName = "iTunes Search";
			productReference = 50BD3E032477E73F000251EA /* iTunes Search.app */;
			productType = "com.apple.product-type.application";
		};
/* End PBXNativeTarget section */

/* Begin PBXProject section */
		50BD3DFB2477E73F000251EA /* Project object */ = {
			isa = PBXProject;
			attributes = {
				LastUpgradeCheck = 1130;
				ORGANIZATIONNAME = "Maksim Romanov";
				TargetAttributes = {
					50BD3E022477E73F000251EA = {
						CreatedOnToolsVersion = 11.3.1;
					};
				};
			};
			buildConfigurationList = 50BD3DFE2477E73F000251EA /* Build configuration list for PBXProject "iTunes Search" */;
			compatibilityVersion = "Xcode 9.3";
			developmentRegion = en;
			hasScannedForEncodings = 0;
			knownRegions = (
				en,
				Base,
			);
			mainGroup = 50BD3DFA2477E73F000251EA;
			productRefGroup = 50BD3E042477E73F000251EA /* Products */;
			projectDirPath = "";
			projectRoot = "";
			targets = (
				50BD3E022477E73F000251EA /* iTunes Search */,
			);
		};
/* End PBXProject section */

/* Begin PBXResourcesBuildPhase section */
		50BD3E012477E73F000251EA /* Resources */ = {
			isa = PBXResourcesBuildPhase;
			buildActionMask = 2147483647;
			files = (
				50BD3E162477E740000251EA /* LaunchScreen.storyboard in Resources */,
				50BD3E132477E740000251EA /* Assets.xcassets in Resources */,
			);
			runOnlyForDeploymentPostprocessing = 0;
		};
/* End PBXResourcesBuildPhase section */

/* Begin PBXShellScriptBuildPhase section */
		76EE20E741686DC9628E43D2 /* [CP] Check Pods Manifest.lock */ = {
			isa = PBXShellScriptBuildPhase;
			buildActionMask = 2147483647;
			files = (
			);
			inputFileListPaths = (
			);
			inputPaths = (
				"${PODS_PODFILE_DIR_PATH}/Podfile.lock",
				"${PODS_ROOT}/Manifest.lock",
			);
			name = "[CP] Check Pods Manifest.lock";
			outputFileListPaths = (
			);
			outputPaths = (
				"$(DERIVED_FILE_DIR)/Pods-iTunes Search-checkManifestLockResult.txt",
			);
			runOnlyForDeploymentPostprocessing = 0;
			shellPath = /bin/sh;
			shellScript = "diff \"${PODS_PODFILE_DIR_PATH}/Podfile.lock\" \"${PODS_ROOT}/Manifest.lock\" > /dev/null\nif [ $? != 0 ] ; then\n    # print error to STDERR\n    echo \"error: The sandbox is not in sync with the Podfile.lock. Run 'pod install' or update your CocoaPods installation.\" >&2\n    exit 1\nfi\n# This output is used by Xcode 'outputs' to avoid re-running this script phase.\necho \"SUCCESS\" > \"${SCRIPT_OUTPUT_FILE_0}\"\n";
			showEnvVarsInLog = 0;
		};
		A98676B7EBC083082D659AE4 /* [CP] Embed Pods Frameworks */ = {
			isa = PBXShellScriptBuildPhase;
			buildActionMask = 2147483647;
			files = (
			);
			inputFileListPaths = (
				"${PODS_ROOT}/Target Support Files/Pods-iTunes Search/Pods-iTunes Search-frameworks-${CONFIGURATION}-input-files.xcfilelist",
			);
			name = "[CP] Embed Pods Frameworks";
			outputFileListPaths = (
				"${PODS_ROOT}/Target Support Files/Pods-iTunes Search/Pods-iTunes Search-frameworks-${CONFIGURATION}-output-files.xcfilelist",
			);
			runOnlyForDeploymentPostprocessing = 0;
			shellPath = /bin/sh;
			shellScript = "\"${PODS_ROOT}/Target Support Files/Pods-iTunes Search/Pods-iTunes Search-frameworks.sh\"\n";
			showEnvVarsInLog = 0;
		};
/* End PBXShellScriptBuildPhase section */

/* Begin PBXSourcesBuildPhase section */
		50BD3DFF2477E73F000251EA /* Sources */ = {
			isa = PBXSourcesBuildPhase;
			buildActionMask = 2147483647;
			files = (
				503BA105247A546800BDD380 /* AppDetailController.m in Sources */,
				50BD3E242477F41B000251EA /* SearchView.m in Sources */,
				503BA10224795C9700BDD380 /* ImageDownloader.m in Sources */,
				50BD3E0E2477E73F000251EA /* SearchViewController.m in Sources */,
				50BD3E082477E73F000251EA /* AppDelegate.m in Sources */,
				50DC98D8247FDFB000F4D62D /* AppDetailHeaderController.m in Sources */,
				50BD3E192477E740000251EA /* main.m in Sources */,
				50BD3E0B2477E73F000251EA /* SceneDelegate.m in Sources */,
				50DC98D5247FDF8600F4D62D /* AppDetailHeaderView.m in Sources */,
				50BD3E212477EA66000251EA /* AppStartManager.m in Sources */,
				50CE5D80247BB2F0004DE8AB /* SearchTableViewController.m in Sources */,
				50CE5D7D247A8785004DE8AB /* AppCell.m in Sources */,
				503BA0F22478FBA100BDD380 /* ITunesSearchService.m in Sources */,
				503BA0FB247920ED00BDD380 /* iTunesApp.m in Sources */,
			);
			runOnlyForDeploymentPostprocessing = 0;
		};
/* End PBXSourcesBuildPhase section */

/* Begin PBXVariantGroup section */
		50BD3E142477E740000251EA /* LaunchScreen.storyboard */ = {
			isa = PBXVariantGroup;
			children = (
				50BD3E152477E740000251EA /* Base */,
			);
			name = LaunchScreen.storyboard;
			sourceTree = "<group>";
		};
/* End PBXVariantGroup section */

/* Begin XCBuildConfiguration section */
		50BD3E1A2477E740000251EA /* Debug */ = {
			isa = XCBuildConfiguration;
			buildSettings = {
				ALWAYS_SEARCH_USER_PATHS = NO;
				CLANG_ANALYZER_NONNULL = YES;
				CLANG_ANALYZER_NUMBER_OBJECT_CONVERSION = YES_AGGRESSIVE;
				CLANG_CXX_LANGUAGE_STANDARD = "gnu++14";
				CLANG_CXX_LIBRARY = "libc++";
				CLANG_ENABLE_MODULES = YES;
				CLANG_ENABLE_OBJC_ARC = YES;
				CLANG_ENABLE_OBJC_WEAK = YES;
				CLANG_WARN_BLOCK_CAPTURE_AUTORELEASING = YES;
				CLANG_WARN_BOOL_CONVERSION = YES;
				CLANG_WARN_COMMA = YES;
				CLANG_WARN_CONSTANT_CONVERSION = YES;
				CLANG_WARN_DEPRECATED_OBJC_IMPLEMENTATIONS = YES;
				CLANG_WARN_DIRECT_OBJC_ISA_USAGE = YES_ERROR;
				CLANG_WARN_DOCUMENTATION_COMMENTS = YES;
				CLANG_WARN_EMPTY_BODY = YES;
				CLANG_WARN_ENUM_CONVERSION = YES;
				CLANG_WARN_INFINITE_RECURSION = YES;
				CLANG_WARN_INT_CONVERSION = YES;
				CLANG_WARN_NON_LITERAL_NULL_CONVERSION = YES;
				CLANG_WARN_OBJC_IMPLICIT_RETAIN_SELF = YES;
				CLANG_WARN_OBJC_LITERAL_CONVERSION = YES;
				CLANG_WARN_OBJC_ROOT_CLASS = YES_ERROR;
				CLANG_WARN_RANGE_LOOP_ANALYSIS = YES;
				CLANG_WARN_STRICT_PROTOTYPES = YES;
				CLANG_WARN_SUSPICIOUS_MOVE = YES;
				CLANG_WARN_UNGUARDED_AVAILABILITY = YES_AGGRESSIVE;
				CLANG_WARN_UNREACHABLE_CODE = YES;
				CLANG_WARN__DUPLICATE_METHOD_MATCH = YES;
				COPY_PHASE_STRIP = NO;
				DEBUG_INFORMATION_FORMAT = dwarf;
				ENABLE_STRICT_OBJC_MSGSEND = YES;
				ENABLE_TESTABILITY = YES;
				GCC_C_LANGUAGE_STANDARD = gnu11;
				GCC_DYNAMIC_NO_PIC = NO;
				GCC_NO_COMMON_BLOCKS = YES;
				GCC_OPTIMIZATION_LEVEL = 0;
				GCC_PREPROCESSOR_DEFINITIONS = (
					"DEBUG=1",
					"$(inherited)",
				);
				GCC_WARN_64_TO_32_BIT_CONVERSION = YES;
				GCC_WARN_ABOUT_RETURN_TYPE = YES_ERROR;
				GCC_WARN_UNDECLARED_SELECTOR = YES;
				GCC_WARN_UNINITIALIZED_AUTOS = YES_AGGRESSIVE;
				GCC_WARN_UNUSED_FUNCTION = YES;
				GCC_WARN_UNUSED_VARIABLE = YES;
				IPHONEOS_DEPLOYMENT_TARGET = 13.2;
				MTL_ENABLE_DEBUG_INFO = INCLUDE_SOURCE;
				MTL_FAST_MATH = YES;
				ONLY_ACTIVE_ARCH = YES;
				SDKROOT = iphoneos;
			};
			name = Debug;
		};
		50BD3E1B2477E740000251EA /* Release */ = {
			isa = XCBuildConfiguration;
			buildSettings = {
				ALWAYS_SEARCH_USER_PATHS = NO;
				CLANG_ANALYZER_NONNULL = YES;
				CLANG_ANALYZER_NUMBER_OBJECT_CONVERSION = YES_AGGRESSIVE;
				CLANG_CXX_LANGUAGE_STANDARD = "gnu++14";
				CLANG_CXX_LIBRARY = "libc++";
				CLANG_ENABLE_MODULES = YES;
				CLANG_ENABLE_OBJC_ARC = YES;
				CLANG_ENABLE_OBJC_WEAK = YES;
				CLANG_WARN_BLOCK_CAPTURE_AUTORELEASING = YES;
				CLANG_WARN_BOOL_CONVERSION = YES;
				CLANG_WARN_COMMA = YES;
				CLANG_WARN_CONSTANT_CONVERSION = YES;
				CLANG_WARN_DEPRECATED_OBJC_IMPLEMENTATIONS = YES;
				CLANG_WARN_DIRECT_OBJC_ISA_USAGE = YES_ERROR;
				CLANG_WARN_DOCUMENTATION_COMMENTS = YES;
				CLANG_WARN_EMPTY_BODY = YES;
				CLANG_WARN_ENUM_CONVERSION = YES;
				CLANG_WARN_INFINITE_RECURSION = YES;
				CLANG_WARN_INT_CONVERSION = YES;
				CLANG_WARN_NON_LITERAL_NULL_CONVERSION = YES;
				CLANG_WARN_OBJC_IMPLICIT_RETAIN_SELF = YES;
				CLANG_WARN_OBJC_LITERAL_CONVERSION = YES;
				CLANG_WARN_OBJC_ROOT_CLASS = YES_ERROR;
				CLANG_WARN_RANGE_LOOP_ANALYSIS = YES;
				CLANG_WARN_STRICT_PROTOTYPES = YES;
				CLANG_WARN_SUSPICIOUS_MOVE = YES;
				CLANG_WARN_UNGUARDED_AVAILABILITY = YES_AGGRESSIVE;
				CLANG_WARN_UNREACHABLE_CODE = YES;
				CLANG_WARN__DUPLICATE_METHOD_MATCH = YES;
				COPY_PHASE_STRIP = NO;
				DEBUG_INFORMATION_FORMAT = "dwarf-with-dsym";
				ENABLE_NS_ASSERTIONS = NO;
				ENABLE_STRICT_OBJC_MSGSEND = YES;
				GCC_C_LANGUAGE_STANDARD = gnu11;
				GCC_NO_COMMON_BLOCKS = YES;
				GCC_WARN_64_TO_32_BIT_CONVERSION = YES;
				GCC_WARN_ABOUT_RETURN_TYPE = YES_ERROR;
				GCC_WARN_UNDECLARED_SELECTOR = YES;
				GCC_WARN_UNINITIALIZED_AUTOS = YES_AGGRESSIVE;
				GCC_WARN_UNUSED_FUNCTION = YES;
				GCC_WARN_UNUSED_VARIABLE = YES;
				IPHONEOS_DEPLOYMENT_TARGET = 13.2;
				MTL_ENABLE_DEBUG_INFO = NO;
				MTL_FAST_MATH = YES;
				SDKROOT = iphoneos;
				VALIDATE_PRODUCT = YES;
			};
			name = Release;
		};
		50BD3E1D2477E740000251EA /* Debug */ = {
			isa = XCBuildConfiguration;
			baseConfigurationReference = 0D7DCD6CC43FA719573B108D /* Pods-iTunes Search.debug.xcconfig */;
			buildSettings = {
				ASSETCATALOG_COMPILER_APPICON_NAME = AppIcon;
				CODE_SIGN_STYLE = Automatic;
				DEVELOPMENT_TEAM = 3JD57QL5JP;
				INFOPLIST_FILE = "iTunes Search/Info.plist";
				LD_RUNPATH_SEARCH_PATHS = (
					"$(inherited)",
					"@executable_path/Frameworks",
				);
				PRODUCT_BUNDLE_IDENTIFIER = "MR.iTunes-Search";
				PRODUCT_NAME = "$(TARGET_NAME)";
				TARGETED_DEVICE_FAMILY = "1,2";
			};
			name = Debug;
		};
		50BD3E1E2477E740000251EA /* Release */ = {
			isa = XCBuildConfiguration;
			baseConfigurationReference = 5C8A324302B7983925632D30 /* Pods-iTunes Search.release.xcconfig */;
			buildSettings = {
				ASSETCATALOG_COMPILER_APPICON_NAME = AppIcon;
				CODE_SIGN_STYLE = Automatic;
				DEVELOPMENT_TEAM = 3JD57QL5JP;
				INFOPLIST_FILE = "iTunes Search/Info.plist";
				LD_RUNPATH_SEARCH_PATHS = (
					"$(inherited)",
					"@executable_path/Frameworks",
				);
				PRODUCT_BUNDLE_IDENTIFIER = "MR.iTunes-Search";
				PRODUCT_NAME = "$(TARGET_NAME)";
				TARGETED_DEVICE_FAMILY = "1,2";
			};
			name = Release;
		};
/* End XCBuildConfiguration section */

/* Begin XCConfigurationList section */
		50BD3DFE2477E73F000251EA /* Build configuration list for PBXProject "iTunes Search" */ = {
			isa = XCConfigurationList;
			buildConfigurations = (
				50BD3E1A2477E740000251EA /* Debug */,
				50BD3E1B2477E740000251EA /* Release */,
			);
			defaultConfigurationIsVisible = 0;
			defaultConfigurationName = Release;
		};
		50BD3E1C2477E740000251EA /* Build configuration list for PBXNativeTarget "iTunes Search" */ = {
			isa = XCConfigurationList;
			buildConfigurations = (
				50BD3E1D2477E740000251EA /* Debug */,
				50BD3E1E2477E740000251EA /* Release */,
			);
			defaultConfigurationIsVisible = 0;
			defaultConfigurationName = Release;
		};
/* End XCConfigurationList section */
	};
	rootObject = 50BD3DFB2477E73F000251EA /* Project object */;
}
